{
	"name": "lb-slide-in",
	"version": "1.0.0",
	"lockfileVersion": 1,
	"requires": true,
	"dependencies": {
		"lb-lazy-images": {
			"version": "1.0.28",
			"resolved": "https://registry.npmjs.org/lb-lazy-images/-/lb-lazy-images-1.0.28.tgz",
			"integrity": "sha512-RVEub+JVUoEpSSECDfsBcoaHbQ47Anpp0hBdmC6eTTeYE0xse89kANhBf5zWNGEL2Rc0pbIcZ+d49vj+m0D3aA==",
			"dev": true
		},
		"lb-scroll-nav": {
			"version": "1.0.8",
			"resolved": "https://registry.npmjs.org/lb-scroll-nav/-/lb-scroll-nav-1.0.8.tgz",
			"integrity": "sha512-gTdinu9o12pw0wZBb4SJfdgcy/ZFs4iXVFoEczqFHrLsbWWvOdwS4OFg+FYFLmlqGJBX0adq2mAb7kzMQiZ+xg==",
			"dev": true
		}
	}
}
